// !$*UTF8*$!
{
	archiveVersion = 1;
	classes = {
	};
	objectVersion = 55;
	objects = {

/* Begin PBXBuildFile section */
		845A22E5282563FE0079B34D /* reset.mp3 in Resources */ = {isa = PBXBuildFile; fileRef = 845A22E2282563FE0079B34D /* reset.mp3 */; };
		845A22E6282563FE0079B34D /* right.mp3 in Resources */ = {isa = PBXBuildFile; fileRef = 845A22E3282563FE0079B34D /* right.mp3 */; };
		845A22E7282563FE0079B34D /* skip.mp3 in Resources */ = {isa = PBXBuildFile; fileRef = 845A22E4282563FE0079B34D /* skip.mp3 */; };
		845A22E9282583E90079B34D /* JokeManager.swift in Sources */ = {isa = PBXBuildFile; fileRef = 845A22E8282583E90079B34D /* JokeManager.swift */; };
		847D941E281EDA5E0063AF5F /* AppDelegate.swift in Sources */ = {isa = PBXBuildFile; fileRef = 847D941D281EDA5E0063AF5F /* AppDelegate.swift */; };
		847D9420281EDA5E0063AF5F /* SceneDelegate.swift in Sources */ = {isa = PBXBuildFile; fileRef = 847D941F281EDA5E0063AF5F /* SceneDelegate.swift */; };
		847D9422281EDA5E0063AF5F /* WelcomeViewController.swift in Sources */ = {isa = PBXBuildFile; fileRef = 847D9421281EDA5E0063AF5F /* WelcomeViewController.swift */; };
		847D9425281EDA5E0063AF5F /* Main.storyboard in Resources */ = {isa = PBXBuildFile; fileRef = 847D9423281EDA5E0063AF5F /* Main.storyboard */; };
		847D9427281EDA600063AF5F /* Assets.xcassets in Resources */ = {isa = PBXBuildFile; fileRef = 847D9426281EDA600063AF5F /* Assets.xcassets */; };
		847D942A281EDA600063AF5F /* LaunchScreen.storyboard in Resources */ = {isa = PBXBuildFile; fileRef = 847D9428281EDA600063AF5F /* LaunchScreen.storyboard */; };
		847D946A282007E80063AF5F /* CategoryChoiceViewController.swift in Sources */ = {isa = PBXBuildFile; fileRef = 847D9469282007E80063AF5F /* CategoryChoiceViewController.swift */; };
		847D946E282027650063AF5F /* RulesViewController.swift in Sources */ = {isa = PBXBuildFile; fileRef = 847D946D282027650063AF5F /* RulesViewController.swift */; };
		847D947028207D8C0063AF5F /* GameViewController.swift in Sources */ = {isa = PBXBuildFile; fileRef = 847D946F28207D8C0063AF5F /* GameViewController.swift */; };
		847D94722822443A0063AF5F /* JokePresent.swift in Sources */ = {isa = PBXBuildFile; fileRef = 847D94712822443A0063AF5F /* JokePresent.swift */; };
		8A5760682822F01C0051E2EE /* AliasBrain.swift in Sources */ = {isa = PBXBuildFile; fileRef = 8A5760672822F01C0051E2EE /* AliasBrain.swift */; };
		DB0226FB2821755000202873 /* Rules.swift in Sources */ = {isa = PBXBuildFile; fileRef = DB0226FA2821755000202873 /* Rules.swift */; };
		DBF85DD12825725200CC7BEF /* JokeData.swift in Sources */ = {isa = PBXBuildFile; fileRef = DBF85DCE2825725200CC7BEF /* JokeData.swift */; };
		DBF85DD32825725200CC7BEF /* JokeModel.swift in Sources */ = {isa = PBXBuildFile; fileRef = DBF85DD02825725200CC7BEF /* JokeModel.swift */; };
/* End PBXBuildFile section */

/* Begin PBXFileReference section */
		845A22E2282563FE0079B34D /* reset.mp3 */ = {isa = PBXFileReference; lastKnownFileType = audio.mp3; path = reset.mp3; sourceTree = "<group>"; };
		845A22E3282563FE0079B34D /* right.mp3 */ = {isa = PBXFileReference; lastKnownFileType = audio.mp3; path = right.mp3; sourceTree = "<group>"; };
		845A22E4282563FE0079B34D /* skip.mp3 */ = {isa = PBXFileReference; lastKnownFileType = audio.mp3; path = skip.mp3; sourceTree = "<group>"; };
		845A22E8282583E90079B34D /* JokeManager.swift */ = {isa = PBXFileReference; fileEncoding = 4; lastKnownFileType = sourcecode.swift; path = JokeManager.swift; sourceTree = "<group>"; };
		847D941A281EDA5E0063AF5F /* Alias.app */ = {isa = PBXFileReference; explicitFileType = wrapper.application; includeInIndex = 0; path = Alias.app; sourceTree = BUILT_PRODUCTS_DIR; };
		847D941D281EDA5E0063AF5F /* AppDelegate.swift */ = {isa = PBXFileReference; lastKnownFileType = sourcecode.swift; path = AppDelegate.swift; sourceTree = "<group>"; };
		847D941F281EDA5E0063AF5F /* SceneDelegate.swift */ = {isa = PBXFileReference; lastKnownFileType = sourcecode.swift; path = SceneDelegate.swift; sourceTree = "<group>"; };
		847D9421281EDA5E0063AF5F /* WelcomeViewController.swift */ = {isa = PBXFileReference; lastKnownFileType = sourcecode.swift; path = WelcomeViewController.swift; sourceTree = "<group>"; };
		847D9424281EDA5E0063AF5F /* Base */ = {isa = PBXFileReference; lastKnownFileType = file.storyboard; name = Base; path = Base.lproj/Main.storyboard; sourceTree = "<group>"; };
		847D9426281EDA600063AF5F /* Assets.xcassets */ = {isa = PBXFileReference; lastKnownFileType = folder.assetcatalog; path = Assets.xcassets; sourceTree = "<group>"; };
		847D9429281EDA600063AF5F /* Base */ = {isa = PBXFileReference; lastKnownFileType = file.storyboard; name = Base; path = Base.lproj/LaunchScreen.storyboard; sourceTree = "<group>"; };
		847D942B281EDA600063AF5F /* Info.plist */ = {isa = PBXFileReference; lastKnownFileType = text.plist.xml; path = Info.plist; sourceTree = "<group>"; };
		847D9469282007E80063AF5F /* CategoryChoiceViewController.swift */ = {isa = PBXFileReference; lastKnownFileType = sourcecode.swift; path = CategoryChoiceViewController.swift; sourceTree = "<group>"; };
		847D946D282027650063AF5F /* RulesViewController.swift */ = {isa = PBXFileReference; lastKnownFileType = sourcecode.swift; path = RulesViewController.swift; sourceTree = "<group>"; };
		847D946F28207D8C0063AF5F /* GameViewController.swift */ = {isa = PBXFileReference; lastKnownFileType = sourcecode.swift; path = GameViewController.swift; sourceTree = "<group>"; };
		847D94712822443A0063AF5F /* JokePresent.swift */ = {isa = PBXFileReference; lastKnownFileType = sourcecode.swift; path = JokePresent.swift; sourceTree = "<group>"; };
		8A5760672822F01C0051E2EE /* AliasBrain.swift */ = {isa = PBXFileReference; fileEncoding = 4; lastKnownFileType = sourcecode.swift; path = AliasBrain.swift; sourceTree = "<group>"; };
		DB0226FA2821755000202873 /* Rules.swift */ = {isa = PBXFileReference; lastKnownFileType = sourcecode.swift; path = Rules.swift; sourceTree = "<group>"; };
		DBF85DCE2825725200CC7BEF /* JokeData.swift */ = {isa = PBXFileReference; fileEncoding = 4; lastKnownFileType = sourcecode.swift; path = JokeData.swift; sourceTree = "<group>"; };
		DBF85DD02825725200CC7BEF /* JokeModel.swift */ = {isa = PBXFileReference; fileEncoding = 4; lastKnownFileType = sourcecode.swift; path = JokeModel.swift; sourceTree = "<group>"; };
/* End PBXFileReference section */

/* Begin PBXFrameworksBuildPhase section */
		847D9417281EDA5E0063AF5F /* Frameworks */ = {
			isa = PBXFrameworksBuildPhase;
			buildActionMask = 2147483647;
			files = (
			);
			runOnlyForDeploymentPostprocessing = 0;
		};
/* End PBXFrameworksBuildPhase section */

/* Begin PBXGroup section */
		847D9411281EDA5E0063AF5F = {
			isa = PBXGroup;
			children = (
				847D941C281EDA5E0063AF5F /* Alias */,
				847D941B281EDA5E0063AF5F /* Products */,
			);
			sourceTree = "<group>";
		};
		847D941B281EDA5E0063AF5F /* Products */ = {
			isa = PBXGroup;
			children = (
				847D941A281EDA5E0063AF5F /* Alias.app */,
			);
			name = Products;
			sourceTree = "<group>";
		};
		847D941C281EDA5E0063AF5F /* Alias */ = {
			isa = PBXGroup;
			children = (
				847D942B281EDA600063AF5F /* Info.plist */,
				847D941D281EDA5E0063AF5F /* AppDelegate.swift */,
				847D941F281EDA5E0063AF5F /* SceneDelegate.swift */,
				DB0226F92821726400202873 /* Model */,
				847D9467282006F00063AF5F /* Views */,
				847D9466282006E50063AF5F /* Controllers */,
				847D9468282007000063AF5F /* SupportingFiles */,
			);
			path = Alias;
			sourceTree = "<group>";
		};
		847D9466282006E50063AF5F /* Controllers */ = {
			isa = PBXGroup;
			children = (
				847D9421281EDA5E0063AF5F /* WelcomeViewController.swift */,
				847D946D282027650063AF5F /* RulesViewController.swift */,
				847D9469282007E80063AF5F /* CategoryChoiceViewController.swift */,
				847D946F28207D8C0063AF5F /* GameViewController.swift */,
			);
			path = Controllers;
			sourceTree = "<group>";
		};
		847D9467282006F00063AF5F /* Views */ = {
			isa = PBXGroup;
			children = (
				847D9423281EDA5E0063AF5F /* Main.storyboard */,
			);
			path = Views;
			sourceTree = "<group>";
		};
		847D9468282007000063AF5F /* SupportingFiles */ = {
			isa = PBXGroup;
			children = (
				845A22E2282563FE0079B34D /* reset.mp3 */,
				845A22E3282563FE0079B34D /* right.mp3 */,
				845A22E4282563FE0079B34D /* skip.mp3 */,
				847D9426281EDA600063AF5F /* Assets.xcassets */,
				847D9428281EDA600063AF5F /* LaunchScreen.storyboard */,
			);
			path = SupportingFiles;
			sourceTree = "<group>";
		};
		DB0226F92821726400202873 /* Model */ = {
			isa = PBXGroup;
			children = (
				DBF85DCE2825725200CC7BEF /* JokeData.swift */,
				DBF85DD02825725200CC7BEF /* JokeModel.swift */,
				845A22E8282583E90079B34D /* JokeManager.swift */,
				8A5760672822F01C0051E2EE /* AliasBrain.swift */,
				DB0226FA2821755000202873 /* Rules.swift */,
				847D94712822443A0063AF5F /* JokePresent.swift */,
			);
			path = Model;
			sourceTree = "<group>";
		};
/* End PBXGroup section */

/* Begin PBXNativeTarget section */
		847D9419281EDA5E0063AF5F /* Alias */ = {
			isa = PBXNativeTarget;
			buildConfigurationList = 847D942E281EDA600063AF5F /* Build configuration list for PBXNativeTarget "Alias" */;
			buildPhases = (
				847D9416281EDA5E0063AF5F /* Sources */,
				847D9417281EDA5E0063AF5F /* Frameworks */,
				847D9418281EDA5E0063AF5F /* Resources */,
			);
			buildRules = (
			);
			dependencies = (
			);
			name = Alias;
			productName = Alias;
			productReference = 847D941A281EDA5E0063AF5F /* Alias.app */;
			productType = "com.apple.product-type.application";
		};
/* End PBXNativeTarget section */

/* Begin PBXProject section */
		847D9412281EDA5E0063AF5F /* Project object */ = {
			isa = PBXProject;
			attributes = {
				BuildIndependentTargetsInParallel = 1;
				LastSwiftUpdateCheck = 1330;
				LastUpgradeCheck = 1330;
				TargetAttributes = {
					847D9419281EDA5E0063AF5F = {
						CreatedOnToolsVersion = 13.3.1;
					};
				};
			};
			buildConfigurationList = 847D9415281EDA5E0063AF5F /* Build configuration list for PBXProject "Alias" */;
			compatibilityVersion = "Xcode 13.0";
			developmentRegion = en;
			hasScannedForEncodings = 0;
			knownRegions = (
				en,
				Base,
			);
			mainGroup = 847D9411281EDA5E0063AF5F;
			productRefGroup = 847D941B281EDA5E0063AF5F /* Products */;
			projectDirPath = "";
			projectRoot = "";
			targets = (
				847D9419281EDA5E0063AF5F /* Alias */,
			);
		};
/* End PBXProject section */

/* Begin PBXResourcesBuildPhase section */
		847D9418281EDA5E0063AF5F /* Resources */ = {
			isa = PBXResourcesBuildPhase;
			buildActionMask = 2147483647;
			files = (
				845A22E6282563FE0079B34D /* right.mp3 in Resources */,
				847D942A281EDA600063AF5F /* LaunchScreen.storyboard in Resources */,
				847D9427281EDA600063AF5F /* Assets.xcassets in Resources */,
				845A22E5282563FE0079B34D /* reset.mp3 in Resources */,
				847D9425281EDA5E0063AF5F /* Main.storyboard in Resources */,
				845A22E7282563FE0079B34D /* skip.mp3 in Resources */,
			);
			runOnlyForDeploymentPostprocessing = 0;
		};
/* End PBXResourcesBuildPhase section */

/* Begin PBXSourcesBuildPhase section */
		847D9416281EDA5E0063AF5F /* Sources */ = {
			isa = PBXSourcesBuildPhase;
			buildActionMask = 2147483647;
			files = (
				847D946E282027650063AF5F /* RulesViewController.swift in Sources */,
				DBF85DD32825725200CC7BEF /* JokeModel.swift in Sources */,
				847D9422281EDA5E0063AF5F /* WelcomeViewController.swift in Sources */,
				8A5760682822F01C0051E2EE /* AliasBrain.swift in Sources */,
				845A22E9282583E90079B34D /* JokeManager.swift in Sources */,
				847D946A282007E80063AF5F /* CategoryChoiceViewController.swift in Sources */,
				DBF85DD12825725200CC7BEF /* JokeData.swift in Sources */,
				847D941E281EDA5E0063AF5F /* AppDelegate.swift in Sources */,
				847D947028207D8C0063AF5F /* GameViewController.swift in Sources */,
				DB0226FB2821755000202873 /* Rules.swift in Sources */,
				847D94722822443A0063AF5F /* JokePresent.swift in Sources */,
				847D9420281EDA5E0063AF5F /* SceneDelegate.swift in Sources */,
			);
			runOnlyForDeploymentPostprocessing = 0;
		};
/* End PBXSourcesBuildPhase section */

/* Begin PBXVariantGroup section */
		847D9423281EDA5E0063AF5F /* Main.storyboard */ = {
			isa = PBXVariantGroup;
			children = (
				847D9424281EDA5E0063AF5F /* Base */,
			);
			name = Main.storyboard;
			sourceTree = "<group>";
		};
		847D9428281EDA600063AF5F /* LaunchScreen.storyboard */ = {
			isa = PBXVariantGroup;
			children = (
				847D9429281EDA600063AF5F /* Base */,
			);
			name = LaunchScreen.storyboard;
			sourceTree = "<group>";
		};
/* End PBXVariantGroup section */

/* Begin XCBuildConfiguration section */
		847D942C281EDA600063AF5F /* Debug */ = {
			isa = XCBuildConfiguration;
			buildSettings = {
				ALWAYS_SEARCH_USER_PATHS = NO;
				CLANG_ANALYZER_NONNULL = YES;
				CLANG_ANALYZER_NUMBER_OBJECT_CONVERSION = YES_AGGRESSIVE;
				CLANG_CXX_LANGUAGE_STANDARD = "gnu++17";
				CLANG_ENABLE_MODULES = YES;
				CLANG_ENABLE_OBJC_ARC = YES;
				CLANG_ENABLE_OBJC_WEAK = YES;
				CLANG_WARN_BLOCK_CAPTURE_AUTORELEASING = YES;
				CLANG_WARN_BOOL_CONVERSION = YES;
				CLANG_WARN_COMMA = YES;
				CLANG_WARN_CONSTANT_CONVERSION = YES;
				CLANG_WARN_DEPRECATED_OBJC_IMPLEMENTATIONS = YES;
				CLANG_WARN_DIRECT_OBJC_ISA_USAGE = YES_ERROR;
				CLANG_WARN_DOCUMENTATION_COMMENTS = YES;
				CLANG_WARN_EMPTY_BODY = YES;
				CLANG_WARN_ENUM_CONVERSION = YES;
				CLANG_WARN_INFINITE_RECURSION = YES;
				CLANG_WARN_INT_CONVERSION = YES;
				CLANG_WARN_NON_LITERAL_NULL_CONVERSION = YES;
				CLANG_WARN_OBJC_IMPLICIT_RETAIN_SELF = YES;
				CLANG_WARN_OBJC_LITERAL_CONVERSION = YES;
				CLANG_WARN_OBJC_ROOT_CLASS = YES_ERROR;
				CLANG_WARN_QUOTED_INCLUDE_IN_FRAMEWORK_HEADER = YES;
				CLANG_WARN_RANGE_LOOP_ANALYSIS = YES;
				CLANG_WARN_STRICT_PROTOTYPES = YES;
				CLANG_WARN_SUSPICIOUS_MOVE = YES;
				CLANG_WARN_UNGUARDED_AVAILABILITY = YES_AGGRESSIVE;
				CLANG_WARN_UNREACHABLE_CODE = YES;
				CLANG_WARN__DUPLICATE_METHOD_MATCH = YES;
				COPY_PHASE_STRIP = NO;
				DEBUG_INFORMATION_FORMAT = dwarf;
				ENABLE_STRICT_OBJC_MSGSEND = YES;
				ENABLE_TESTABILITY = YES;
				GCC_C_LANGUAGE_STANDARD = gnu11;
				GCC_DYNAMIC_NO_PIC = NO;
				GCC_NO_COMMON_BLOCKS = YES;
				GCC_OPTIMIZATION_LEVEL = 0;
				GCC_PREPROCESSOR_DEFINITIONS = (
					"DEBUG=1",
					"$(inherited)",
				);
				GCC_WARN_64_TO_32_BIT_CONVERSION = YES;
				GCC_WARN_ABOUT_RETURN_TYPE = YES_ERROR;
				GCC_WARN_UNDECLARED_SELECTOR = YES;
				GCC_WARN_UNINITIALIZED_AUTOS = YES_AGGRESSIVE;
				GCC_WARN_UNUSED_FUNCTION = YES;
				GCC_WARN_UNUSED_VARIABLE = YES;
				IPHONEOS_DEPLOYMENT_TARGET = 15.4;
				MTL_ENABLE_DEBUG_INFO = INCLUDE_SOURCE;
				MTL_FAST_MATH = YES;
				ONLY_ACTIVE_ARCH = YES;
				SDKROOT = iphoneos;
				SWIFT_ACTIVE_COMPILATION_CONDITIONS = DEBUG;
				SWIFT_OPTIMIZATION_LEVEL = "-Onone";
			};
			name = Debug;
		};
		847D942D281EDA600063AF5F /* Release */ = {
			isa = XCBuildConfiguration;
			buildSettings = {
				ALWAYS_SEARCH_USER_PATHS = NO;
				CLANG_ANALYZER_NONNULL = YES;
				CLANG_ANALYZER_NUMBER_OBJECT_CONVERSION = YES_AGGRESSIVE;
				CLANG_CXX_LANGUAGE_STANDARD = "gnu++17";
				CLANG_ENABLE_MODULES = YES;
				CLANG_ENABLE_OBJC_ARC = YES;
				CLANG_ENABLE_OBJC_WEAK = YES;
				CLANG_WARN_BLOCK_CAPTURE_AUTORELEASING = YES;
				CLANG_WARN_BOOL_CONVERSION = YES;
				CLANG_WARN_COMMA = YES;
				CLANG_WARN_CONSTANT_CONVERSION = YES;
				CLANG_WARN_DEPRECATED_OBJC_IMPLEMENTATIONS = YES;
				CLANG_WARN_DIRECT_OBJC_ISA_USAGE = YES_ERROR;
				CLANG_WARN_DOCUMENTATION_COMMENTS = YES;
				CLANG_WARN_EMPTY_BODY = YES;
				CLANG_WARN_ENUM_CONVERSION = YES;
				CLANG_WARN_INFINITE_RECURSION = YES;
				CLANG_WARN_INT_CONVERSION = YES;
				CLANG_WARN_NON_LITERAL_NULL_CONVERSION = YES;
				CLANG_WARN_OBJC_IMPLICIT_RETAIN_SELF = YES;
				CLANG_WARN_OBJC_LITERAL_CONVERSION = YES;
				CLANG_WARN_OBJC_ROOT_CLASS = YES_ERROR;
				CLANG_WARN_QUOTED_INCLUDE_IN_FRAMEWORK_HEADER = YES;
				CLANG_WARN_RANGE_LOOP_ANALYSIS = YES;
				CLANG_WARN_STRICT_PROTOTYPES = YES;
				CLANG_WARN_SUSPICIOUS_MOVE = YES;
				CLANG_WARN_UNGUARDED_AVAILABILITY = YES_AGGRESSIVE;
				CLANG_WARN_UNREACHABLE_CODE = YES;
				CLANG_WARN__DUPLICATE_METHOD_MATCH = YES;
				COPY_PHASE_STRIP = NO;
				DEBUG_INFORMATION_FORMAT = "dwarf-with-dsym";
				ENABLE_NS_ASSERTIONS = NO;
				ENABLE_STRICT_OBJC_MSGSEND = YES;
				GCC_C_LANGUAGE_STANDARD = gnu11;
				GCC_NO_COMMON_BLOCKS = YES;
				GCC_WARN_64_TO_32_BIT_CONVERSION = YES;
				GCC_WARN_ABOUT_RETURN_TYPE = YES_ERROR;
				GCC_WARN_UNDECLARED_SELECTOR = YES;
				GCC_WARN_UNINITIALIZED_AUTOS = YES_AGGRESSIVE;
				GCC_WARN_UNUSED_FUNCTION = YES;
				GCC_WARN_UNUSED_VARIABLE = YES;
				IPHONEOS_DEPLOYMENT_TARGET = 15.4;
				MTL_ENABLE_DEBUG_INFO = NO;
				MTL_FAST_MATH = YES;
				SDKROOT = iphoneos;
				SWIFT_COMPILATION_MODE = wholemodule;
				SWIFT_OPTIMIZATION_LEVEL = "-O";
				VALIDATE_PRODUCT = YES;
			};
			name = Release;
		};
		847D942F281EDA600063AF5F /* Debug */ = {
			isa = XCBuildConfiguration;
			buildSettings = {
				ASSETCATALOG_COMPILER_APPICON_NAME = AppIcon;
				ASSETCATALOG_COMPILER_GLOBAL_ACCENT_COLOR_NAME = AccentColor;
				CODE_SIGN_STYLE = Automatic;
				CURRENT_PROJECT_VERSION = 1;
				DEVELOPMENT_TEAM = 27V823S952;
				GENERATE_INFOPLIST_FILE = YES;
				INFOPLIST_FILE = Alias/Info.plist;
				INFOPLIST_KEY_UIApplicationSupportsIndirectInputEvents = YES;
				INFOPLIST_KEY_UILaunchStoryboardName = LaunchScreen;
				INFOPLIST_KEY_UIMainStoryboardFile = Main;
				INFOPLIST_KEY_UISupportedInterfaceOrientations_iPad = "UIInterfaceOrientationPortrait UIInterfaceOrientationPortraitUpsideDown UIInterfaceOrientationLandscapeLeft UIInterfaceOrientationLandscapeRight";
				INFOPLIST_KEY_UISupportedInterfaceOrientations_iPhone = "UIInterfaceOrientationPortrait UIInterfaceOrientationLandscapeLeft UIInterfaceOrientationLandscapeRight";
				LD_RUNPATH_SEARCH_PATHS = (
					"$(inherited)",
					"@executable_path/Frameworks",
				);
				MARKETING_VERSION = 1.0;
				PRODUCT_BUNDLE_IDENTIFIER = com.mazurich;
				PRODUCT_NAME = "$(TARGET_NAME)";
				SWIFT_EMIT_LOC_STRINGS = YES;
				SWIFT_VERSION = 5.0;
				TARGETED_DEVICE_FAMILY = "1,2";
			};
			name = Debug;
		};
		847D9430281EDA600063AF5F /* Release */ = {
			isa = XCBuildConfiguration;
			buildSettings = {
				ASSETCATALOG_COMPILER_APPICON_NAME = AppIcon;
				ASSETCATALOG_COMPILER_GLOBAL_ACCENT_COLOR_NAME = AccentColor;
				CODE_SIGN_STYLE = Automatic;
				CURRENT_PROJECT_VERSION = 1;
				DEVELOPMENT_TEAM = 27V823S952;
				GENERATE_INFOPLIST_FILE = YES;
				INFOPLIST_FILE = Alias/Info.plist;
				INFOPLIST_KEY_UIApplicationSupportsIndirectInputEvents = YES;
				INFOPLIST_KEY_UILaunchStoryboardName = LaunchScreen;
				INFOPLIST_KEY_UIMainStoryboardFile = Main;
				INFOPLIST_KEY_UISupportedInterfaceOrientations_iPad = "UIInterfaceOrientationPortrait UIInterfaceOrientationPortraitUpsideDown UIInterfaceOrientationLandscapeLeft UIInterfaceOrientationLandscapeRight";
				INFOPLIST_KEY_UISupportedInterfaceOrientations_iPhone = "UIInterfaceOrientationPortrait UIInterfaceOrientationLandscapeLeft UIInterfaceOrientationLandscapeRight";
				LD_RUNPATH_SEARCH_PATHS = (
					"$(inherited)",
					"@executable_path/Frameworks",
				);
				MARKETING_VERSION = 1.0;
				PRODUCT_BUNDLE_IDENTIFIER = com.mazurich;
				PRODUCT_NAME = "$(TARGET_NAME)";
				SWIFT_EMIT_LOC_STRINGS = YES;
				SWIFT_VERSION = 5.0;
				TARGETED_DEVICE_FAMILY = "1,2";
			};
			name = Release;
		};
/* End XCBuildConfiguration section */

/* Begin XCConfigurationList section */
		847D9415281EDA5E0063AF5F /* Build configuration list for PBXProject "Alias" */ = {
			isa = XCConfigurationList;
			buildConfigurations = (
				847D942C281EDA600063AF5F /* Debug */,
				847D942D281EDA600063AF5F /* Release */,
			);
			defaultConfigurationIsVisible = 0;
			defaultConfigurationName = Release;
		};
		847D942E281EDA600063AF5F /* Build configuration list for PBXNativeTarget "Alias" */ = {
			isa = XCConfigurationList;
			buildConfigurations = (
				847D942F281EDA600063AF5F /* Debug */,
				847D9430281EDA600063AF5F /* Release */,
			);
			defaultConfigurationIsVisible = 0;
			defaultConfigurationName = Release;
		};
/* End XCConfigurationList section */
	};
	rootObject = 847D9412281EDA5E0063AF5F /* Project object */;
}
